// !$*UTF8*$!
{
	archiveVersion = 1;
	classes = {
	};
	objectVersion = 56;
	objects = {

/* Begin PBXBuildFile section */
		AF972EF5296B63DF0016B7E0 /* AmountView.swift in Sources */ = {isa = PBXBuildFile; fileRef = AF972EF4296B63DF0016B7E0 /* AmountView.swift */; };
		AF972EF7296B66990016B7E0 /* UIView+Extension.swift in Sources */ = {isa = PBXBuildFile; fileRef = AF972EF6296B66990016B7E0 /* UIView+Extension.swift */; };
		AFB6AEEC2965C8240021F0F4 /* AppDelegate.swift in Sources */ = {isa = PBXBuildFile; fileRef = AFB6AEEB2965C8240021F0F4 /* AppDelegate.swift */; };
		AFB6AEEE2965C8240021F0F4 /* SceneDelegate.swift in Sources */ = {isa = PBXBuildFile; fileRef = AFB6AEED2965C8240021F0F4 /* SceneDelegate.swift */; };
		AFB6AEF02965C8240021F0F4 /* CalculatorViewController.swift in Sources */ = {isa = PBXBuildFile; fileRef = AFB6AEEF2965C8240021F0F4 /* CalculatorViewController.swift */; };
		AFB6AEF52965C8270021F0F4 /* Assets.xcassets in Resources */ = {isa = PBXBuildFile; fileRef = AFB6AEF42965C8270021F0F4 /* Assets.xcassets */; };
		AFB6AEF82965C8270021F0F4 /* LaunchScreen.storyboard in Resources */ = {isa = PBXBuildFile; fileRef = AFB6AEF62965C8270021F0F4 /* LaunchScreen.storyboard */; };
		AFB6AF032965C8280021F0F4 /* TipsCalculatorSnapKitTests.swift in Sources */ = {isa = PBXBuildFile; fileRef = AFB6AF022965C8280021F0F4 /* TipsCalculatorSnapKitTests.swift */; };
		AFB6AF0D2965C8280021F0F4 /* TipsCalculatorSnapKitUITests.swift in Sources */ = {isa = PBXBuildFile; fileRef = AFB6AF0C2965C8280021F0F4 /* TipsCalculatorSnapKitUITests.swift */; };
		AFB6AF0F2965C8280021F0F4 /* TipsCalculatorSnapKitUITestsLaunchTests.swift in Sources */ = {isa = PBXBuildFile; fileRef = AFB6AF0E2965C8280021F0F4 /* TipsCalculatorSnapKitUITestsLaunchTests.swift */; };
		AFB6AF1D2965C92C0021F0F4 /* CombineCocoa in Frameworks */ = {isa = PBXBuildFile; productRef = AFB6AF1C2965C92C0021F0F4 /* CombineCocoa */; };
		AFB6AF202965C99E0021F0F4 /* SnapKit in Frameworks */ = {isa = PBXBuildFile; productRef = AFB6AF1F2965C99E0021F0F4 /* SnapKit */; };
		AFB6AF232965C9E40021F0F4 /* CombineCocoa in Frameworks */ = {isa = PBXBuildFile; productRef = AFB6AF222965C9E40021F0F4 /* CombineCocoa */; };
		AFB6AF262965CA5C0021F0F4 /* SnapshotTesting in Frameworks */ = {isa = PBXBuildFile; productRef = AFB6AF252965CA5C0021F0F4 /* SnapshotTesting */; };
		AFB6AF282965CA730021F0F4 /* CombineCocoa in Frameworks */ = {isa = PBXBuildFile; productRef = AFB6AF272965CA730021F0F4 /* CombineCocoa */; };
		AFD2CF252965D0B400AAC19B /* LogoView.swift in Sources */ = {isa = PBXBuildFile; fileRef = AFD2CF242965D0B400AAC19B /* LogoView.swift */; };
		AFD2CF272965D13000AAC19B /* ResultView.swift in Sources */ = {isa = PBXBuildFile; fileRef = AFD2CF262965D13000AAC19B /* ResultView.swift */; };
		AFD2CF292965D13F00AAC19B /* BillInputView.swift in Sources */ = {isa = PBXBuildFile; fileRef = AFD2CF282965D13F00AAC19B /* BillInputView.swift */; };
		AFD2CF2B2965D14A00AAC19B /* TipInputView.swift in Sources */ = {isa = PBXBuildFile; fileRef = AFD2CF2A2965D14A00AAC19B /* TipInputView.swift */; };
		AFD2CF2D2965D15A00AAC19B /* SplitInputView.swift in Sources */ = {isa = PBXBuildFile; fileRef = AFD2CF2C2965D15900AAC19B /* SplitInputView.swift */; };
		AFD2CF3029663B2700AAC19B /* ThemeColor.swift in Sources */ = {isa = PBXBuildFile; fileRef = AFD2CF2F29663B2700AAC19B /* ThemeColor.swift */; };
		AFD2CF3229663B3400AAC19B /* ThemeFont.swift in Sources */ = {isa = PBXBuildFile; fileRef = AFD2CF3129663B3400AAC19B /* ThemeFont.swift */; };
		AFD2CF3529663C4D00AAC19B /* UIColor+Extension.swift in Sources */ = {isa = PBXBuildFile; fileRef = AFD2CF3429663C4D00AAC19B /* UIColor+Extension.swift */; };
		AFD2CF382966584D00AAC19B /* LabelFactory.swift in Sources */ = {isa = PBXBuildFile; fileRef = AFD2CF372966584D00AAC19B /* LabelFactory.swift */; };
/* End PBXBuildFile section */

/* Begin PBXContainerItemProxy section */
		AFB6AEFF2965C8280021F0F4 /* PBXContainerItemProxy */ = {
			isa = PBXContainerItemProxy;
			containerPortal = AFB6AEE02965C8240021F0F4 /* Project object */;
			proxyType = 1;
			remoteGlobalIDString = AFB6AEE72965C8240021F0F4;
			remoteInfo = TipsCalculatorSnapKit;
		};
		AFB6AF092965C8280021F0F4 /* PBXContainerItemProxy */ = {
			isa = PBXContainerItemProxy;
			containerPortal = AFB6AEE02965C8240021F0F4 /* Project object */;
			proxyType = 1;
			remoteGlobalIDString = AFB6AEE72965C8240021F0F4;
			remoteInfo = TipsCalculatorSnapKit;
		};
/* End PBXContainerItemProxy section */

/* Begin PBXFileReference section */
		AF972EF4296B63DF0016B7E0 /* AmountView.swift */ = {isa = PBXFileReference; lastKnownFileType = sourcecode.swift; path = AmountView.swift; sourceTree = "<group>"; };
		AF972EF6296B66990016B7E0 /* UIView+Extension.swift */ = {isa = PBXFileReference; lastKnownFileType = sourcecode.swift; path = "UIView+Extension.swift"; sourceTree = "<group>"; };
		AFB6AEE82965C8240021F0F4 /* TipsCalculatorSnapKit.app */ = {isa = PBXFileReference; explicitFileType = wrapper.application; includeInIndex = 0; path = TipsCalculatorSnapKit.app; sourceTree = BUILT_PRODUCTS_DIR; };
		AFB6AEEB2965C8240021F0F4 /* AppDelegate.swift */ = {isa = PBXFileReference; lastKnownFileType = sourcecode.swift; path = AppDelegate.swift; sourceTree = "<group>"; };
		AFB6AEED2965C8240021F0F4 /* SceneDelegate.swift */ = {isa = PBXFileReference; lastKnownFileType = sourcecode.swift; path = SceneDelegate.swift; sourceTree = "<group>"; };
		AFB6AEEF2965C8240021F0F4 /* CalculatorViewController.swift */ = {isa = PBXFileReference; lastKnownFileType = sourcecode.swift; path = CalculatorViewController.swift; sourceTree = "<group>"; };
		AFB6AEF42965C8270021F0F4 /* Assets.xcassets */ = {isa = PBXFileReference; lastKnownFileType = folder.assetcatalog; path = Assets.xcassets; sourceTree = "<group>"; };
		AFB6AEF72965C8270021F0F4 /* Base */ = {isa = PBXFileReference; lastKnownFileType = file.storyboard; name = Base; path = Base.lproj/LaunchScreen.storyboard; sourceTree = "<group>"; };
		AFB6AEF92965C8270021F0F4 /* Info.plist */ = {isa = PBXFileReference; lastKnownFileType = text.plist.xml; path = Info.plist; sourceTree = "<group>"; };
		AFB6AEFE2965C8280021F0F4 /* TipsCalculatorSnapKitTests.xctest */ = {isa = PBXFileReference; explicitFileType = wrapper.cfbundle; includeInIndex = 0; path = TipsCalculatorSnapKitTests.xctest; sourceTree = BUILT_PRODUCTS_DIR; };
		AFB6AF022965C8280021F0F4 /* TipsCalculatorSnapKitTests.swift */ = {isa = PBXFileReference; lastKnownFileType = sourcecode.swift; path = TipsCalculatorSnapKitTests.swift; sourceTree = "<group>"; };
		AFB6AF082965C8280021F0F4 /* TipsCalculatorSnapKitUITests.xctest */ = {isa = PBXFileReference; explicitFileType = wrapper.cfbundle; includeInIndex = 0; path = TipsCalculatorSnapKitUITests.xctest; sourceTree = BUILT_PRODUCTS_DIR; };
		AFB6AF0C2965C8280021F0F4 /* TipsCalculatorSnapKitUITests.swift */ = {isa = PBXFileReference; lastKnownFileType = sourcecode.swift; path = TipsCalculatorSnapKitUITests.swift; sourceTree = "<group>"; };
		AFB6AF0E2965C8280021F0F4 /* TipsCalculatorSnapKitUITestsLaunchTests.swift */ = {isa = PBXFileReference; lastKnownFileType = sourcecode.swift; path = TipsCalculatorSnapKitUITestsLaunchTests.swift; sourceTree = "<group>"; };
		AFD2CF242965D0B400AAC19B /* LogoView.swift */ = {isa = PBXFileReference; lastKnownFileType = sourcecode.swift; path = LogoView.swift; sourceTree = "<group>"; };
		AFD2CF262965D13000AAC19B /* ResultView.swift */ = {isa = PBXFileReference; lastKnownFileType = sourcecode.swift; path = ResultView.swift; sourceTree = "<group>"; };
		AFD2CF282965D13F00AAC19B /* BillInputView.swift */ = {isa = PBXFileReference; lastKnownFileType = sourcecode.swift; path = BillInputView.swift; sourceTree = "<group>"; };
		AFD2CF2A2965D14A00AAC19B /* TipInputView.swift */ = {isa = PBXFileReference; lastKnownFileType = sourcecode.swift; path = TipInputView.swift; sourceTree = "<group>"; };
		AFD2CF2C2965D15900AAC19B /* SplitInputView.swift */ = {isa = PBXFileReference; lastKnownFileType = sourcecode.swift; path = SplitInputView.swift; sourceTree = "<group>"; };
		AFD2CF2F29663B2700AAC19B /* ThemeColor.swift */ = {isa = PBXFileReference; lastKnownFileType = sourcecode.swift; path = ThemeColor.swift; sourceTree = "<group>"; };
		AFD2CF3129663B3400AAC19B /* ThemeFont.swift */ = {isa = PBXFileReference; lastKnownFileType = sourcecode.swift; path = ThemeFont.swift; sourceTree = "<group>"; };
		AFD2CF3429663C4D00AAC19B /* UIColor+Extension.swift */ = {isa = PBXFileReference; lastKnownFileType = sourcecode.swift; path = "UIColor+Extension.swift"; sourceTree = "<group>"; };
		AFD2CF372966584D00AAC19B /* LabelFactory.swift */ = {isa = PBXFileReference; lastKnownFileType = sourcecode.swift; path = LabelFactory.swift; sourceTree = "<group>"; };
/* End PBXFileReference section */

/* Begin PBXFrameworksBuildPhase section */
		AFB6AEE52965C8240021F0F4 /* Frameworks */ = {
			isa = PBXFrameworksBuildPhase;
			buildActionMask = 2147483647;
			files = (
				AFB6AF1D2965C92C0021F0F4 /* CombineCocoa in Frameworks */,
				AFB6AF202965C99E0021F0F4 /* SnapKit in Frameworks */,
			);
			runOnlyForDeploymentPostprocessing = 0;
		};
		AFB6AEFB2965C8280021F0F4 /* Frameworks */ = {
			isa = PBXFrameworksBuildPhase;
			buildActionMask = 2147483647;
			files = (
				AFB6AF232965C9E40021F0F4 /* CombineCocoa in Frameworks */,
				AFB6AF262965CA5C0021F0F4 /* SnapshotTesting in Frameworks */,
			);
			runOnlyForDeploymentPostprocessing = 0;
		};
		AFB6AF052965C8280021F0F4 /* Frameworks */ = {
			isa = PBXFrameworksBuildPhase;
			buildActionMask = 2147483647;
			files = (
				AFB6AF282965CA730021F0F4 /* CombineCocoa in Frameworks */,
			);
			runOnlyForDeploymentPostprocessing = 0;
		};
/* End PBXFrameworksBuildPhase section */

/* Begin PBXGroup section */
		AFB6AEDF2965C8240021F0F4 = {
			isa = PBXGroup;
			children = (
				AFB6AEEA2965C8240021F0F4 /* TipsCalculatorSnapKit */,
				AFB6AF012965C8280021F0F4 /* TipsCalculatorSnapKitTests */,
				AFB6AF0B2965C8280021F0F4 /* TipsCalculatorSnapKitUITests */,
				AFB6AEE92965C8240021F0F4 /* Products */,
				AFB6AF212965C9E40021F0F4 /* Frameworks */,
			);
			sourceTree = "<group>";
		};
		AFB6AEE92965C8240021F0F4 /* Products */ = {
			isa = PBXGroup;
			children = (
				AFB6AEE82965C8240021F0F4 /* TipsCalculatorSnapKit.app */,
				AFB6AEFE2965C8280021F0F4 /* TipsCalculatorSnapKitTests.xctest */,
				AFB6AF082965C8280021F0F4 /* TipsCalculatorSnapKitUITests.xctest */,
			);
			name = Products;
			sourceTree = "<group>";
		};
		AFB6AEEA2965C8240021F0F4 /* TipsCalculatorSnapKit */ = {
			isa = PBXGroup;
			children = (
				AFD2CF362966581F00AAC19B /* Factory */,
				AFD2CF3329663C3200AAC19B /* Extension */,
				AFD2CF2E29663B0F00AAC19B /* Config */,
				AFD2CF232965D09D00AAC19B /* View */,
				AFB6AEEB2965C8240021F0F4 /* AppDelegate.swift */,
				AFB6AEED2965C8240021F0F4 /* SceneDelegate.swift */,
				AFB6AEEF2965C8240021F0F4 /* CalculatorViewController.swift */,
				AFB6AEF42965C8270021F0F4 /* Assets.xcassets */,
				AFB6AEF62965C8270021F0F4 /* LaunchScreen.storyboard */,
				AFB6AEF92965C8270021F0F4 /* Info.plist */,
			);
			path = TipsCalculatorSnapKit;
			sourceTree = "<group>";
		};
		AFB6AF012965C8280021F0F4 /* TipsCalculatorSnapKitTests */ = {
			isa = PBXGroup;
			children = (
				AFB6AF022965C8280021F0F4 /* TipsCalculatorSnapKitTests.swift */,
			);
			path = TipsCalculatorSnapKitTests;
			sourceTree = "<group>";
		};
		AFB6AF0B2965C8280021F0F4 /* TipsCalculatorSnapKitUITests */ = {
			isa = PBXGroup;
			children = (
				AFB6AF0C2965C8280021F0F4 /* TipsCalculatorSnapKitUITests.swift */,
				AFB6AF0E2965C8280021F0F4 /* TipsCalculatorSnapKitUITestsLaunchTests.swift */,
			);
			path = TipsCalculatorSnapKitUITests;
			sourceTree = "<group>";
		};
		AFB6AF212965C9E40021F0F4 /* Frameworks */ = {
			isa = PBXGroup;
			children = (
			);
			name = Frameworks;
			sourceTree = "<group>";
		};
		AFD2CF232965D09D00AAC19B /* View */ = {
			isa = PBXGroup;
			children = (
				AFD2CF242965D0B400AAC19B /* LogoView.swift */,
				AFD2CF262965D13000AAC19B /* ResultView.swift */,
				AFD2CF282965D13F00AAC19B /* BillInputView.swift */,
				AFD2CF2A2965D14A00AAC19B /* TipInputView.swift */,
				AFD2CF2C2965D15900AAC19B /* SplitInputView.swift */,
				AF972EF4296B63DF0016B7E0 /* AmountView.swift */,
			);
			path = View;
			sourceTree = "<group>";
		};
		AFD2CF2E29663B0F00AAC19B /* Config */ = {
			isa = PBXGroup;
			children = (
				AFD2CF2F29663B2700AAC19B /* ThemeColor.swift */,
				AFD2CF3129663B3400AAC19B /* ThemeFont.swift */,
			);
			path = Config;
			sourceTree = "<group>";
		};
		AFD2CF3329663C3200AAC19B /* Extension */ = {
			isa = PBXGroup;
			children = (
				AFD2CF3429663C4D00AAC19B /* UIColor+Extension.swift */,
				AF972EF6296B66990016B7E0 /* UIView+Extension.swift */,
			);
			path = Extension;
			sourceTree = "<group>";
		};
		AFD2CF362966581F00AAC19B /* Factory */ = {
			isa = PBXGroup;
			children = (
				AFD2CF372966584D00AAC19B /* LabelFactory.swift */,
			);
			path = Factory;
			sourceTree = "<group>";
		};
/* End PBXGroup section */

/* Begin PBXNativeTarget section */
		AFB6AEE72965C8240021F0F4 /* TipsCalculatorSnapKit */ = {
			isa = PBXNativeTarget;
			buildConfigurationList = AFB6AF122965C8280021F0F4 /* Build configuration list for PBXNativeTarget "TipsCalculatorSnapKit" */;
			buildPhases = (
				AFB6AEE42965C8240021F0F4 /* Sources */,
				AFB6AEE52965C8240021F0F4 /* Frameworks */,
				AFB6AEE62965C8240021F0F4 /* Resources */,
			);
			buildRules = (
			);
			dependencies = (
			);
			name = TipsCalculatorSnapKit;
			packageProductDependencies = (
				AFB6AF1C2965C92C0021F0F4 /* CombineCocoa */,
				AFB6AF1F2965C99E0021F0F4 /* SnapKit */,
			);
			productName = TipsCalculatorSnapKit;
			productReference = AFB6AEE82965C8240021F0F4 /* TipsCalculatorSnapKit.app */;
			productType = "com.apple.product-type.application";
		};
		AFB6AEFD2965C8280021F0F4 /* TipsCalculatorSnapKitTests */ = {
			isa = PBXNativeTarget;
			buildConfigurationList = AFB6AF152965C8280021F0F4 /* Build configuration list for PBXNativeTarget "TipsCalculatorSnapKitTests" */;
			buildPhases = (
				AFB6AEFA2965C8280021F0F4 /* Sources */,
				AFB6AEFB2965C8280021F0F4 /* Frameworks */,
				AFB6AEFC2965C8280021F0F4 /* Resources */,
			);
			buildRules = (
			);
			dependencies = (
				AFB6AF002965C8280021F0F4 /* PBXTargetDependency */,
			);
			name = TipsCalculatorSnapKitTests;
			packageProductDependencies = (
				AFB6AF222965C9E40021F0F4 /* CombineCocoa */,
				AFB6AF252965CA5C0021F0F4 /* SnapshotTesting */,
			);
			productName = TipsCalculatorSnapKitTests;
			productReference = AFB6AEFE2965C8280021F0F4 /* TipsCalculatorSnapKitTests.xctest */;
			productType = "com.apple.product-type.bundle.unit-test";
		};
		AFB6AF072965C8280021F0F4 /* TipsCalculatorSnapKitUITests */ = {
			isa = PBXNativeTarget;
			buildConfigurationList = AFB6AF182965C8280021F0F4 /* Build configuration list for PBXNativeTarget "TipsCalculatorSnapKitUITests" */;
			buildPhases = (
				AFB6AF042965C8280021F0F4 /* Sources */,
				AFB6AF052965C8280021F0F4 /* Frameworks */,
				AFB6AF062965C8280021F0F4 /* Resources */,
			);
			buildRules = (
			);
			dependencies = (
				AFB6AF0A2965C8280021F0F4 /* PBXTargetDependency */,
			);
			name = TipsCalculatorSnapKitUITests;
			packageProductDependencies = (
				AFB6AF272965CA730021F0F4 /* CombineCocoa */,
			);
			productName = TipsCalculatorSnapKitUITests;
			productReference = AFB6AF082965C8280021F0F4 /* TipsCalculatorSnapKitUITests.xctest */;
			productType = "com.apple.product-type.bundle.ui-testing";
		};
/* End PBXNativeTarget section */

/* Begin PBXProject section */
		AFB6AEE02965C8240021F0F4 /* Project object */ = {
			isa = PBXProject;
			attributes = {
				BuildIndependentTargetsInParallel = 1;
				LastSwiftUpdateCheck = 1420;
				LastUpgradeCheck = 1420;
				TargetAttributes = {
					AFB6AEE72965C8240021F0F4 = {
						CreatedOnToolsVersion = 14.2;
					};
					AFB6AEFD2965C8280021F0F4 = {
						CreatedOnToolsVersion = 14.2;
						TestTargetID = AFB6AEE72965C8240021F0F4;
					};
					AFB6AF072965C8280021F0F4 = {
						CreatedOnToolsVersion = 14.2;
						TestTargetID = AFB6AEE72965C8240021F0F4;
					};
				};
			};
			buildConfigurationList = AFB6AEE32965C8240021F0F4 /* Build configuration list for PBXProject "TipsCalculatorSnapKit" */;
			compatibilityVersion = "Xcode 14.0";
			developmentRegion = en;
			hasScannedForEncodings = 0;
			knownRegions = (
				en,
				Base,
			);
			mainGroup = AFB6AEDF2965C8240021F0F4;
			packageReferences = (
				AFB6AF1B2965C92C0021F0F4 /* XCRemoteSwiftPackageReference "CombineCocoa" */,
				AFB6AF1E2965C99E0021F0F4 /* XCRemoteSwiftPackageReference "SnapKit" */,
				AFB6AF242965CA5C0021F0F4 /* XCRemoteSwiftPackageReference "swift-snapshot-testing" */,
			);
			productRefGroup = AFB6AEE92965C8240021F0F4 /* Products */;
			projectDirPath = "";
			projectRoot = "";
			targets = (
				AFB6AEE72965C8240021F0F4 /* TipsCalculatorSnapKit */,
				AFB6AEFD2965C8280021F0F4 /* TipsCalculatorSnapKitTests */,
				AFB6AF072965C8280021F0F4 /* TipsCalculatorSnapKitUITests */,
			);
		};
/* End PBXProject section */

/* Begin PBXResourcesBuildPhase section */
		AFB6AEE62965C8240021F0F4 /* Resources */ = {
			isa = PBXResourcesBuildPhase;
			buildActionMask = 2147483647;
			files = (
				AFB6AEF82965C8270021F0F4 /* LaunchScreen.storyboard in Resources */,
				AFB6AEF52965C8270021F0F4 /* Assets.xcassets in Resources */,
			);
			runOnlyForDeploymentPostprocessing = 0;
		};
		AFB6AEFC2965C8280021F0F4 /* Resources */ = {
			isa = PBXResourcesBuildPhase;
			buildActionMask = 2147483647;
			files = (
			);
			runOnlyForDeploymentPostprocessing = 0;
		};
		AFB6AF062965C8280021F0F4 /* Resources */ = {
			isa = PBXResourcesBuildPhase;
			buildActionMask = 2147483647;
			files = (
			);
			runOnlyForDeploymentPostprocessing = 0;
		};
/* End PBXResourcesBuildPhase section */

/* Begin PBXSourcesBuildPhase section */
		AFB6AEE42965C8240021F0F4 /* Sources */ = {
			isa = PBXSourcesBuildPhase;
			buildActionMask = 2147483647;
			files = (
				AFB6AEF02965C8240021F0F4 /* CalculatorViewController.swift in Sources */,
				AFD2CF252965D0B400AAC19B /* LogoView.swift in Sources */,
				AFD2CF3029663B2700AAC19B /* ThemeColor.swift in Sources */,
				AFD2CF3529663C4D00AAC19B /* UIColor+Extension.swift in Sources */,
				AFD2CF292965D13F00AAC19B /* BillInputView.swift in Sources */,
				AF972EF5296B63DF0016B7E0 /* AmountView.swift in Sources */,
				AFD2CF272965D13000AAC19B /* ResultView.swift in Sources */,
				AFB6AEEC2965C8240021F0F4 /* AppDelegate.swift in Sources */,
				AF972EF7296B66990016B7E0 /* UIView+Extension.swift in Sources */,
				AFD2CF3229663B3400AAC19B /* ThemeFont.swift in Sources */,
				AFB6AEEE2965C8240021F0F4 /* SceneDelegate.swift in Sources */,
				AFD2CF382966584D00AAC19B /* LabelFactory.swift in Sources */,
				AFD2CF2D2965D15A00AAC19B /* SplitInputView.swift in Sources */,
				AFD2CF2B2965D14A00AAC19B /* TipInputView.swift in Sources */,
			);
			runOnlyForDeploymentPostprocessing = 0;
		};
		AFB6AEFA2965C8280021F0F4 /* Sources */ = {
			isa = PBXSourcesBuildPhase;
			buildActionMask = 2147483647;
			files = (
				AFB6AF032965C8280021F0F4 /* TipsCalculatorSnapKitTests.swift in Sources */,
			);
			runOnlyForDeploymentPostprocessing = 0;
		};
		AFB6AF042965C8280021F0F4 /* Sources */ = {
			isa = PBXSourcesBuildPhase;
			buildActionMask = 2147483647;
			files = (
				AFB6AF0D2965C8280021F0F4 /* TipsCalculatorSnapKitUITests.swift in Sources */,
				AFB6AF0F2965C8280021F0F4 /* TipsCalculatorSnapKitUITestsLaunchTests.swift in Sources */,
			);
			runOnlyForDeploymentPostprocessing = 0;
		};
/* End PBXSourcesBuildPhase section */

/* Begin PBXTargetDependency section */
		AFB6AF002965C8280021F0F4 /* PBXTargetDependency */ = {
			isa = PBXTargetDependency;
			target = AFB6AEE72965C8240021F0F4 /* TipsCalculatorSnapKit */;
			targetProxy = AFB6AEFF2965C8280021F0F4 /* PBXContainerItemProxy */;
		};
		AFB6AF0A2965C8280021F0F4 /* PBXTargetDependency */ = {
			isa = PBXTargetDependency;
			target = AFB6AEE72965C8240021F0F4 /* TipsCalculatorSnapKit */;
			targetProxy = AFB6AF092965C8280021F0F4 /* PBXContainerItemProxy */;
		};
/* End PBXTargetDependency section */

/* Begin PBXVariantGroup section */
		AFB6AEF62965C8270021F0F4 /* LaunchScreen.storyboard */ = {
			isa = PBXVariantGroup;
			children = (
				AFB6AEF72965C8270021F0F4 /* Base */,
			);
			name = LaunchScreen.storyboard;
			sourceTree = "<group>";
		};
/* End PBXVariantGroup section */

/* Begin XCBuildConfiguration section */
		AFB6AF102965C8280021F0F4 /* Debug */ = {
			isa = XCBuildConfiguration;
			buildSettings = {
				ALWAYS_SEARCH_USER_PATHS = NO;
				CLANG_ANALYZER_NONNULL = YES;
				CLANG_ANALYZER_NUMBER_OBJECT_CONVERSION = YES_AGGRESSIVE;
				CLANG_CXX_LANGUAGE_STANDARD = "gnu++20";
				CLANG_ENABLE_MODULES = YES;
				CLANG_ENABLE_OBJC_ARC = YES;
				CLANG_ENABLE_OBJC_WEAK = YES;
				CLANG_WARN_BLOCK_CAPTURE_AUTORELEASING = YES;
				CLANG_WARN_BOOL_CONVERSION = YES;
				CLANG_WARN_COMMA = YES;
				CLANG_WARN_CONSTANT_CONVERSION = YES;
				CLANG_WARN_DEPRECATED_OBJC_IMPLEMENTATIONS = YES;
				CLANG_WARN_DIRECT_OBJC_ISA_USAGE = YES_ERROR;
				CLANG_WARN_DOCUMENTATION_COMMENTS = YES;
				CLANG_WARN_EMPTY_BODY = YES;
				CLANG_WARN_ENUM_CONVERSION = YES;
				CLANG_WARN_INFINITE_RECURSION = YES;
				CLANG_WARN_INT_CONVERSION = YES;
				CLANG_WARN_NON_LITERAL_NULL_CONVERSION = YES;
				CLANG_WARN_OBJC_IMPLICIT_RETAIN_SELF = YES;
				CLANG_WARN_OBJC_LITERAL_CONVERSION = YES;
				CLANG_WARN_OBJC_ROOT_CLASS = YES_ERROR;
				CLANG_WARN_QUOTED_INCLUDE_IN_FRAMEWORK_HEADER = YES;
				CLANG_WARN_RANGE_LOOP_ANALYSIS = YES;
				CLANG_WARN_STRICT_PROTOTYPES = YES;
				CLANG_WARN_SUSPICIOUS_MOVE = YES;
				CLANG_WARN_UNGUARDED_AVAILABILITY = YES_AGGRESSIVE;
				CLANG_WARN_UNREACHABLE_CODE = YES;
				CLANG_WARN__DUPLICATE_METHOD_MATCH = YES;
				COPY_PHASE_STRIP = NO;
				DEBUG_INFORMATION_FORMAT = dwarf;
				ENABLE_STRICT_OBJC_MSGSEND = YES;
				ENABLE_TESTABILITY = YES;
				GCC_C_LANGUAGE_STANDARD = gnu11;
				GCC_DYNAMIC_NO_PIC = NO;
				GCC_NO_COMMON_BLOCKS = YES;
				GCC_OPTIMIZATION_LEVEL = 0;
				GCC_PREPROCESSOR_DEFINITIONS = (
					"DEBUG=1",
					"$(inherited)",
				);
				GCC_WARN_64_TO_32_BIT_CONVERSION = YES;
				GCC_WARN_ABOUT_RETURN_TYPE = YES_ERROR;
				GCC_WARN_UNDECLARED_SELECTOR = YES;
				GCC_WARN_UNINITIALIZED_AUTOS = YES_AGGRESSIVE;
				GCC_WARN_UNUSED_FUNCTION = YES;
				GCC_WARN_UNUSED_VARIABLE = YES;
				IPHONEOS_DEPLOYMENT_TARGET = 16.2;
				MTL_ENABLE_DEBUG_INFO = INCLUDE_SOURCE;
				MTL_FAST_MATH = YES;
				ONLY_ACTIVE_ARCH = YES;
				SDKROOT = iphoneos;
				SWIFT_ACTIVE_COMPILATION_CONDITIONS = DEBUG;
				SWIFT_OPTIMIZATION_LEVEL = "-Onone";
			};
			name = Debug;
		};
		AFB6AF112965C8280021F0F4 /* Release */ = {
			isa = XCBuildConfiguration;
			buildSettings = {
				ALWAYS_SEARCH_USER_PATHS = NO;
				CLANG_ANALYZER_NONNULL = YES;
				CLANG_ANALYZER_NUMBER_OBJECT_CONVERSION = YES_AGGRESSIVE;
				CLANG_CXX_LANGUAGE_STANDARD = "gnu++20";
				CLANG_ENABLE_MODULES = YES;
				CLANG_ENABLE_OBJC_ARC = YES;
				CLANG_ENABLE_OBJC_WEAK = YES;
				CLANG_WARN_BLOCK_CAPTURE_AUTORELEASING = YES;
				CLANG_WARN_BOOL_CONVERSION = YES;
				CLANG_WARN_COMMA = YES;
				CLANG_WARN_CONSTANT_CONVERSION = YES;
				CLANG_WARN_DEPRECATED_OBJC_IMPLEMENTATIONS = YES;
				CLANG_WARN_DIRECT_OBJC_ISA_USAGE = YES_ERROR;
				CLANG_WARN_DOCUMENTATION_COMMENTS = YES;
				CLANG_WARN_EMPTY_BODY = YES;
				CLANG_WARN_ENUM_CONVERSION = YES;
				CLANG_WARN_INFINITE_RECURSION = YES;
				CLANG_WARN_INT_CONVERSION = YES;
				CLANG_WARN_NON_LITERAL_NULL_CONVERSION = YES;
				CLANG_WARN_OBJC_IMPLICIT_RETAIN_SELF = YES;
				CLANG_WARN_OBJC_LITERAL_CONVERSION = YES;
				CLANG_WARN_OBJC_ROOT_CLASS = YES_ERROR;
				CLANG_WARN_QUOTED_INCLUDE_IN_FRAMEWORK_HEADER = YES;
				CLANG_WARN_RANGE_LOOP_ANALYSIS = YES;
				CLANG_WARN_STRICT_PROTOTYPES = YES;
				CLANG_WARN_SUSPICIOUS_MOVE = YES;
				CLANG_WARN_UNGUARDED_AVAILABILITY = YES_AGGRESSIVE;
				CLANG_WARN_UNREACHABLE_CODE = YES;
				CLANG_WARN__DUPLICATE_METHOD_MATCH = YES;
				COPY_PHASE_STRIP = NO;
				DEBUG_INFORMATION_FORMAT = "dwarf-with-dsym";
				ENABLE_NS_ASSERTIONS = NO;
				ENABLE_STRICT_OBJC_MSGSEND = YES;
				GCC_C_LANGUAGE_STANDARD = gnu11;
				GCC_NO_COMMON_BLOCKS = YES;
				GCC_WARN_64_TO_32_BIT_CONVERSION = YES;
				GCC_WARN_ABOUT_RETURN_TYPE = YES_ERROR;
				GCC_WARN_UNDECLARED_SELECTOR = YES;
				GCC_WARN_UNINITIALIZED_AUTOS = YES_AGGRESSIVE;
				GCC_WARN_UNUSED_FUNCTION = YES;
				GCC_WARN_UNUSED_VARIABLE = YES;
				IPHONEOS_DEPLOYMENT_TARGET = 16.2;
				MTL_ENABLE_DEBUG_INFO = NO;
				MTL_FAST_MATH = YES;
				SDKROOT = iphoneos;
				SWIFT_COMPILATION_MODE = wholemodule;
				SWIFT_OPTIMIZATION_LEVEL = "-O";
				VALIDATE_PRODUCT = YES;
			};
			name = Release;
		};
		AFB6AF132965C8280021F0F4 /* Debug */ = {
			isa = XCBuildConfiguration;
			buildSettings = {
				ASSETCATALOG_COMPILER_APPICON_NAME = AppIcon;
				ASSETCATALOG_COMPILER_GLOBAL_ACCENT_COLOR_NAME = AccentColor;
				CODE_SIGN_STYLE = Automatic;
				CURRENT_PROJECT_VERSION = 1;
				DEVELOPMENT_TEAM = BPR96F3HF2;
				GENERATE_INFOPLIST_FILE = YES;
				INFOPLIST_FILE = TipsCalculatorSnapKit/Info.plist;
				INFOPLIST_KEY_UIApplicationSupportsIndirectInputEvents = YES;
				INFOPLIST_KEY_UILaunchStoryboardName = LaunchScreen;
				INFOPLIST_KEY_UISupportedInterfaceOrientations_iPad = "UIInterfaceOrientationPortrait UIInterfaceOrientationPortraitUpsideDown UIInterfaceOrientationLandscapeLeft UIInterfaceOrientationLandscapeRight";
				INFOPLIST_KEY_UISupportedInterfaceOrientations_iPhone = "UIInterfaceOrientationPortrait UIInterfaceOrientationLandscapeLeft UIInterfaceOrientationLandscapeRight";
				LD_RUNPATH_SEARCH_PATHS = (
					"$(inherited)",
					"@executable_path/Frameworks",
				);
				MARKETING_VERSION = 1.0;
				PRODUCT_BUNDLE_IDENTIFIER = com.vngrs.TipsCalculatorSnapKit;
				PRODUCT_NAME = "$(TARGET_NAME)";
				SWIFT_EMIT_LOC_STRINGS = YES;
				SWIFT_VERSION = 5.0;
				TARGETED_DEVICE_FAMILY = "1,2";
			};
			name = Debug;
		};
		AFB6AF142965C8280021F0F4 /* Release */ = {
			isa = XCBuildConfiguration;
			buildSettings = {
				ASSETCATALOG_COMPILER_APPICON_NAME = AppIcon;
				ASSETCATALOG_COMPILER_GLOBAL_ACCENT_COLOR_NAME = AccentColor;
				CODE_SIGN_STYLE = Automatic;
				CURRENT_PROJECT_VERSION = 1;
				DEVELOPMENT_TEAM = BPR96F3HF2;
				GENERATE_INFOPLIST_FILE = YES;
				INFOPLIST_FILE = TipsCalculatorSnapKit/Info.plist;
				INFOPLIST_KEY_UIApplicationSupportsIndirectInputEvents = YES;
				INFOPLIST_KEY_UILaunchStoryboardName = LaunchScreen;
				INFOPLIST_KEY_UISupportedInterfaceOrientations_iPad = "UIInterfaceOrientationPortrait UIInterfaceOrientationPortraitUpsideDown UIInterfaceOrientationLandscapeLeft UIInterfaceOrientationLandscapeRight";
				INFOPLIST_KEY_UISupportedInterfaceOrientations_iPhone = "UIInterfaceOrientationPortrait UIInterfaceOrientationLandscapeLeft UIInterfaceOrientationLandscapeRight";
				LD_RUNPATH_SEARCH_PATHS = (
					"$(inherited)",
					"@executable_path/Frameworks",
				);
				MARKETING_VERSION = 1.0;
				PRODUCT_BUNDLE_IDENTIFIER = com.vngrs.TipsCalculatorSnapKit;
				PRODUCT_NAME = "$(TARGET_NAME)";
				SWIFT_EMIT_LOC_STRINGS = YES;
				SWIFT_VERSION = 5.0;
				TARGETED_DEVICE_FAMILY = "1,2";
			};
			name = Release;
		};
		AFB6AF162965C8280021F0F4 /* Debug */ = {
			isa = XCBuildConfiguration;
			buildSettings = {
				ALWAYS_EMBED_SWIFT_STANDARD_LIBRARIES = YES;
				BUNDLE_LOADER = "$(TEST_HOST)";
				CODE_SIGN_STYLE = Automatic;
				CURRENT_PROJECT_VERSION = 1;
				DEVELOPMENT_TEAM = BPR96F3HF2;
				GENERATE_INFOPLIST_FILE = YES;
				IPHONEOS_DEPLOYMENT_TARGET = 16.2;
				MARKETING_VERSION = 1.0;
				PRODUCT_BUNDLE_IDENTIFIER = com.vngrs.TipsCalculatorSnapKitTests;
				PRODUCT_NAME = "$(TARGET_NAME)";
				SWIFT_EMIT_LOC_STRINGS = NO;
				SWIFT_VERSION = 5.0;
				TARGETED_DEVICE_FAMILY = "1,2";
				TEST_HOST = "$(BUILT_PRODUCTS_DIR)/TipsCalculatorSnapKit.app/$(BUNDLE_EXECUTABLE_FOLDER_PATH)/TipsCalculatorSnapKit";
			};
			name = Debug;
		};
		AFB6AF172965C8280021F0F4 /* Release */ = {
			isa = XCBuildConfiguration;
			buildSettings = {
				ALWAYS_EMBED_SWIFT_STANDARD_LIBRARIES = YES;
				BUNDLE_LOADER = "$(TEST_HOST)";
				CODE_SIGN_STYLE = Automatic;
				CURRENT_PROJECT_VERSION = 1;
				DEVELOPMENT_TEAM = BPR96F3HF2;
				GENERATE_INFOPLIST_FILE = YES;
				IPHONEOS_DEPLOYMENT_TARGET = 16.2;
				MARKETING_VERSION = 1.0;
				PRODUCT_BUNDLE_IDENTIFIER = com.vngrs.TipsCalculatorSnapKitTests;
				PRODUCT_NAME = "$(TARGET_NAME)";
				SWIFT_EMIT_LOC_STRINGS = NO;
				SWIFT_VERSION = 5.0;
				TARGETED_DEVICE_FAMILY = "1,2";
				TEST_HOST = "$(BUILT_PRODUCTS_DIR)/TipsCalculatorSnapKit.app/$(BUNDLE_EXECUTABLE_FOLDER_PATH)/TipsCalculatorSnapKit";
			};
			name = Release;
		};
		AFB6AF192965C8280021F0F4 /* Debug */ = {
			isa = XCBuildConfiguration;
			buildSettings = {
				ALWAYS_EMBED_SWIFT_STANDARD_LIBRARIES = YES;
				CODE_SIGN_STYLE = Automatic;
				CURRENT_PROJECT_VERSION = 1;
				DEVELOPMENT_TEAM = BPR96F3HF2;
				GENERATE_INFOPLIST_FILE = YES;
				MARKETING_VERSION = 1.0;
				PRODUCT_BUNDLE_IDENTIFIER = com.vngrs.TipsCalculatorSnapKitUITests;
				PRODUCT_NAME = "$(TARGET_NAME)";
				SWIFT_EMIT_LOC_STRINGS = NO;
				SWIFT_VERSION = 5.0;
				TARGETED_DEVICE_FAMILY = "1,2";
				TEST_TARGET_NAME = TipsCalculatorSnapKit;
			};
			name = Debug;
		};
		AFB6AF1A2965C8280021F0F4 /* Release */ = {
			isa = XCBuildConfiguration;
			buildSettings = {
				ALWAYS_EMBED_SWIFT_STANDARD_LIBRARIES = YES;
				CODE_SIGN_STYLE = Automatic;
				CURRENT_PROJECT_VERSION = 1;
				DEVELOPMENT_TEAM = BPR96F3HF2;
				GENERATE_INFOPLIST_FILE = YES;
				MARKETING_VERSION = 1.0;
				PRODUCT_BUNDLE_IDENTIFIER = com.vngrs.TipsCalculatorSnapKitUITests;
				PRODUCT_NAME = "$(TARGET_NAME)";
				SWIFT_EMIT_LOC_STRINGS = NO;
				SWIFT_VERSION = 5.0;
				TARGETED_DEVICE_FAMILY = "1,2";
				TEST_TARGET_NAME = TipsCalculatorSnapKit;
			};
			name = Release;
		};
/* End XCBuildConfiguration section */

/* Begin XCConfigurationList section */
		AFB6AEE32965C8240021F0F4 /* Build configuration list for PBXProject "TipsCalculatorSnapKit" */ = {
			isa = XCConfigurationList;
			buildConfigurations = (
				AFB6AF102965C8280021F0F4 /* Debug */,
				AFB6AF112965C8280021F0F4 /* Release */,
			);
			defaultConfigurationIsVisible = 0;
			defaultConfigurationName = Release;
		};
		AFB6AF122965C8280021F0F4 /* Build configuration list for PBXNativeTarget "TipsCalculatorSnapKit" */ = {
			isa = XCConfigurationList;
			buildConfigurations = (
				AFB6AF132965C8280021F0F4 /* Debug */,
				AFB6AF142965C8280021F0F4 /* Release */,
			);
			defaultConfigurationIsVisible = 0;
			defaultConfigurationName = Release;
		};
		AFB6AF152965C8280021F0F4 /* Build configuration list for PBXNativeTarget "TipsCalculatorSnapKitTests" */ = {
			isa = XCConfigurationList;
			buildConfigurations = (
				AFB6AF162965C8280021F0F4 /* Debug */,
				AFB6AF172965C8280021F0F4 /* Release */,
			);
			defaultConfigurationIsVisible = 0;
			defaultConfigurationName = Release;
		};
		AFB6AF182965C8280021F0F4 /* Build configuration list for PBXNativeTarget "TipsCalculatorSnapKitUITests" */ = {
			isa = XCConfigurationList;
			buildConfigurations = (
				AFB6AF192965C8280021F0F4 /* Debug */,
				AFB6AF1A2965C8280021F0F4 /* Release */,
			);
			defaultConfigurationIsVisible = 0;
			defaultConfigurationName = Release;
		};
/* End XCConfigurationList section */

/* Begin XCRemoteSwiftPackageReference section */
		AFB6AF1B2965C92C0021F0F4 /* XCRemoteSwiftPackageReference "CombineCocoa" */ = {
			isa = XCRemoteSwiftPackageReference;
			repositoryURL = "https://github.com/CombineCommunity/CombineCocoa";
			requirement = {
				kind = upToNextMajorVersion;
				minimumVersion = 0.4.1;
			};
		};
		AFB6AF1E2965C99E0021F0F4 /* XCRemoteSwiftPackageReference "SnapKit" */ = {
			isa = XCRemoteSwiftPackageReference;
			repositoryURL = "https://github.com/SnapKit/SnapKit.git";
			requirement = {
				kind = upToNextMinorVersion;
				minimumVersion = 5.6.0;
			};
		};
		AFB6AF242965CA5C0021F0F4 /* XCRemoteSwiftPackageReference "swift-snapshot-testing" */ = {
			isa = XCRemoteSwiftPackageReference;
			repositoryURL = "https://github.com/pointfreeco/swift-snapshot-testing";
			requirement = {
				kind = upToNextMinorVersion;
				minimumVersion = 1.9.0;
			};
		};
/* End XCRemoteSwiftPackageReference section */

/* Begin XCSwiftPackageProductDependency section */
		AFB6AF1C2965C92C0021F0F4 /* CombineCocoa */ = {
			isa = XCSwiftPackageProductDependency;
			package = AFB6AF1B2965C92C0021F0F4 /* XCRemoteSwiftPackageReference "CombineCocoa" */;
			productName = CombineCocoa;
		};
		AFB6AF1F2965C99E0021F0F4 /* SnapKit */ = {
			isa = XCSwiftPackageProductDependency;
			package = AFB6AF1E2965C99E0021F0F4 /* XCRemoteSwiftPackageReference "SnapKit" */;
			productName = SnapKit;
		};
		AFB6AF222965C9E40021F0F4 /* CombineCocoa */ = {
			isa = XCSwiftPackageProductDependency;
			package = AFB6AF1B2965C92C0021F0F4 /* XCRemoteSwiftPackageReference "CombineCocoa" */;
			productName = CombineCocoa;
		};
		AFB6AF252965CA5C0021F0F4 /* SnapshotTesting */ = {
			isa = XCSwiftPackageProductDependency;
			package = AFB6AF242965CA5C0021F0F4 /* XCRemoteSwiftPackageReference "swift-snapshot-testing" */;
			productName = SnapshotTesting;
		};
		AFB6AF272965CA730021F0F4 /* CombineCocoa */ = {
			isa = XCSwiftPackageProductDependency;
			package = AFB6AF1B2965C92C0021F0F4 /* XCRemoteSwiftPackageReference "CombineCocoa" */;
			productName = CombineCocoa;
		};
/* End XCSwiftPackageProductDependency section */
	};
	rootObject = AFB6AEE02965C8240021F0F4 /* Project object */;
}
